PODS:
  - AparajitaCapacitorSecureStorage (6.0.1):
    - Capacitor
    - KeychainSwift (~> 21.0)
  - Capacitor (7.4.0):
    - CapacitorCordova
  - CapacitorApp (7.0.1):
    - Capacitor
  - CapacitorCordova (7.4.0)
  - CapacitorHaptics (7.0.1):
    - Capacitor
  - CapacitorKeyboard (7.0.1):
    - Capacitor
  - CapacitorSplashScreen (7.0.1):
    - Capacitor
  - CapacitorStatusBar (7.0.1):
    - Capacitor
  - KeychainSwift (21.0.0)

DEPENDENCIES:
  - AparajitaCapacitorSecureStorage (from `../../..`)
  - "Capacitor (from `../../../node_modules/.pnpm/@capacitor+ios@7.4.0_@capacitor+core@7.4.0/node_modules/@capacitor/ios`)"
  - "CapacitorApp (from `../../../node_modules/.pnpm/@capacitor+app@7.0.1_@capacitor+core@7.4.0/node_modules/@capacitor/app`)"
  - "CapacitorCordova (from `../../../node_modules/.pnpm/@capacitor+ios@7.4.0_@capacitor+core@7.4.0/node_modules/@capacitor/ios`)"
  - "CapacitorHaptics (from `../../../node_modules/.pnpm/@capacitor+haptics@7.0.1_@capacitor+core@7.4.0/node_modules/@capacitor/haptics`)"
  - "CapacitorKeyboard (from `../../../node_modules/.pnpm/@capacitor+keyboard@7.0.1_@capacitor+core@7.4.0/node_modules/@capacitor/keyboard`)"
  - "CapacitorSplashScreen (from `../../../node_modules/.pnpm/@capacitor+splash-screen@7.0.1_@capacitor+core@7.4.0/node_modules/@capacitor/splash-screen`)"
  - "CapacitorStatusBar (from `../../../node_modules/.pnpm/@capacitor+status-bar@7.0.1_@capacitor+core@7.4.0/node_modules/@capacitor/status-bar`)"

SPEC REPOS:
  trunk:
    - KeychainSwift

EXTERNAL SOURCES:
  AparajitaCapacitorSecureStorage:
    :path: "../../.."
  Capacitor:
    :path: "../../../node_modules/.pnpm/@capacitor+ios@7.4.0_@capacitor+core@7.4.0/node_modules/@capacitor/ios"
  CapacitorApp:
    :path: "../../../node_modules/.pnpm/@capacitor+app@7.0.1_@capacitor+core@7.4.0/node_modules/@capacitor/app"
  CapacitorCordova:
    :path: "../../../node_modules/.pnpm/@capacitor+ios@7.4.0_@capacitor+core@7.4.0/node_modules/@capacitor/ios"
  CapacitorHaptics:
    :path: "../../../node_modules/.pnpm/@capacitor+haptics@7.0.1_@capacitor+core@7.4.0/node_modules/@capacitor/haptics"
  CapacitorKeyboard:
    :path: "../../../node_modules/.pnpm/@capacitor+keyboard@7.0.1_@capacitor+core@7.4.0/node_modules/@capacitor/keyboard"
  CapacitorSplashScreen:
    :path: "../../../node_modules/.pnpm/@capacitor+splash-screen@7.0.1_@capacitor+core@7.4.0/node_modules/@capacitor/splash-screen"
  CapacitorStatusBar:
    :path: "../../../node_modules/.pnpm/@capacitor+status-bar@7.0.1_@capacitor+core@7.4.0/node_modules/@capacitor/status-bar"

SPEC CHECKSUMS:
  AparajitaCapacitorSecureStorage: e2aa35bb4e080b51faa9d7fe8391435795163781
  Capacitor: 10feab36396883c55373328124a677f118cd4b5f
  CapacitorApp: febecbb9582cb353aed037e18ec765141f880fe9
  CapacitorCordova: 723e017d8a80ab2ede9959fbe37556c35ac860d5
  CapacitorHaptics: 1f1e17041f435d8ead9ff2a34edd592c6aa6a8d6
  CapacitorKeyboard: 09fd91dcde4f8a37313e7f11bde553ad1ed52036
  CapacitorSplashScreen: 1d67815a422a9b61539c94f283c08ed56667c0fc
  CapacitorStatusBar: 6e7af040d8fc4dd655999819625cae9c2d74c36f
  KeychainSwift: 4a71a45c802fd9e73906457c2dcbdbdc06c9419d

PODFILE CHECKSUM: 02a8e5d5d3e566756c13f364b405fd86d516d99b

COCOAPODS: 1.16.2
